{
  "version": 1,
  "dependencies": {
    "net10.0": {
      "Dapper": {
        "type": "Direct",
        "requested": "[2.1.89, 2.1.89]",
        "resolved": "2.1.89",
        "contentHash": "1VjFE664wnxvuhlgP8kS4PeFFF4jqD3VkbIHW6Zlc52zuibgcz5ICnIHcQXlTp6pURpPNGLV0ZpNe5x9KePJnA=="
      },
      "Microsoft.AspNetCore.App.Internal.Assets": {
        "type": "Direct",
        "requested": "[10.0.12, )",
        "resolved": "10.0.12",
        "contentHash": "+sIBo9AMBZH46qHWHQdfzcGMt+RuBaPYrUMOAM9VjA7MQ9QtIez3lq1C3E05+Yroa94KKt3DSWaxmCI4H28a9Q=="
      },
      "Npgsql": {
        "type": "Direct",
        "requested": "[10.0.3, 10.0.3]",
        "resolved": "10.0.3",
        "contentHash": "7nb5YzXuvWWJxB0J8DiyL3we+X4FOctZrt0fIBnucOIaIevFEEwGQVZKtiu9olXdlNAK1eNgqSral6r/jlhI4w=="
      }
    }
  }
}